
Microsoft Visual Studio Solution File, Format Version 12.00
# Visual Studio Version 17
VisualStudioVersion = 17.8.34316.72
MinimumVisualStudioVersion = 10.0.40219.1
Project("{FAE04EC0-301F-11D3-BF4B-00C04F79EFBC}") = "Bulky_MVC", "Bulky_MVC\Bulky_MVC.csproj", "{CEDBA8DD-6417-481E-A11C-55BDF60A2FCE}"
EndProject
Global
	GlobalSection(SolutionConfigurationPlatforms) = preSolution
		Debug|Any CPU = Debug|Any CPU
		Release|Any CPU = Release|Any CPU
	EndGlobalSection
	GlobalSection(ProjectConfigurationPlatforms) = postSolution
		{CEDBA8DD-6417-481E-A11C-55BDF60A2FCE}.Debug|Any CPU.ActiveCfg = Debug|Any CPU
		{CEDBA8DD-6417-481E-A11C-55BDF60A2FCE}.Debug|Any CPU.Build.0 = Debug|Any CPU
		{CEDBA8DD-6417-481E-A11C-55BDF60A2FCE}.Release|Any CPU.ActiveCfg = Release|Any CPU
		{CEDBA8DD-6417-481E-A11C-55BDF60A2FCE}.Release|Any CPU.Build.0 = Release|Any CPU
	EndGlobalSection
	GlobalSection(SolutionProperties) = preSolution
		HideSolutionNode = FALSE
	EndGlobalSection
	GlobalSection(ExtensibilityGlobals) = postSolution
		SolutionGuid = {B05F70FF-B56F-4679-863F-15F46E9C19D5}
	EndGlobalSection
EndGlobal
